
Microsoft Visual Studio Solution File, Format Version 12.00
# Visual Studio 15
VisualStudioVersion = 15.0.28010.2041
MinimumVisualStudioVersion = 10.0.40219.1
Project("{FAE04EC0-301F-11D3-BF4B-00C04F79EFBC}") = "Csharp-GUI", "Csharp-GUI\Csharp-GUI.csproj", "{F3495B21-4B85-470B-A08D-A662C342FFAC}"
	ProjectSection(ProjectDependencies) = postProject
		{BE9FD8F2-4AA7-4E75-BC15-E8088BEE20DA} = {BE9FD8F2-4AA7-4E75-BC15-E8088BEE20DA}
	EndProjectSection
EndProject
Project("{8BC9CEB8-8B4A-11D0-8D11-00A0C91BC942}") = "Server", "Server\Server.vcxproj", "{7775768C-E714-4B3C-B857-888914EBB719}"
EndProject
Project("{8BC9CEB8-8B4A-11D0-8D11-00A0C91BC942}") = "ClientDLL", "ClientDLL\ClientDLL.vcxproj", "{BE9FD8F2-4AA7-4E75-BC15-E8088BEE20DA}"
	ProjectSection(ProjectDependencies) = postProject
		{7775768C-E714-4B3C-B857-888914EBB719} = {7775768C-E714-4B3C-B857-888914EBB719}
	EndProjectSection
EndProject
Global
	GlobalSection(SolutionConfigurationPlatforms) = preSolution
		Debug|Any CPU = Debug|Any CPU
		Debug|x64 = Debug|x64
		Debug|x86 = Debug|x86
		Release|Any CPU = Release|Any CPU
		Release|x64 = Release|x64
		Release|x86 = Release|x86
	EndGlobalSection
	GlobalSection(ProjectConfigurationPlatforms) = postSolution
		{F3495B21-4B85-470B-A08D-A662C342FFAC}.Debug|Any CPU.ActiveCfg = Debug|Any CPU
		{F3495B21-4B85-470B-A08D-A662C342FFAC}.Debug|Any CPU.Build.0 = Debug|Any CPU
		{F3495B21-4B85-470B-A08D-A662C342FFAC}.Debug|x64.ActiveCfg = Debug|Any CPU
		{F3495B21-4B85-470B-A08D-A662C342FFAC}.Debug|x64.Build.0 = Debug|Any CPU
		{F3495B21-4B85-470B-A08D-A662C342FFAC}.Debug|x86.ActiveCfg = Debug|Any CPU
		{F3495B21-4B85-470B-A08D-A662C342FFAC}.Debug|x86.Build.0 = Debug|Any CPU
		{F3495B21-4B85-470B-A08D-A662C342FFAC}.Release|Any CPU.ActiveCfg = Release|Any CPU
		{F3495B21-4B85-470B-A08D-A662C342FFAC}.Release|Any CPU.Build.0 = Release|Any CPU
		{F3495B21-4B85-470B-A08D-A662C342FFAC}.Release|x64.ActiveCfg = Release|Any CPU
		{F3495B21-4B85-470B-A08D-A662C342FFAC}.Release|x64.Build.0 = Release|Any CPU
		{F3495B21-4B85-470B-A08D-A662C342FFAC}.Release|x86.ActiveCfg = Release|Any CPU
		{F3495B21-4B85-470B-A08D-A662C342FFAC}.Release|x86.Build.0 = Release|Any CPU
		{7775768C-E714-4B3C-B857-888914EBB719}.Debug|Any CPU.ActiveCfg = Debug|Win32
		{7775768C-E714-4B3C-B857-888914EBB719}.Debug|x64.ActiveCfg = Debug|x64
		{7775768C-E714-4B3C-B857-888914EBB719}.Debug|x64.Build.0 = Debug|x64
		{7775768C-E714-4B3C-B857-888914EBB719}.Debug|x86.ActiveCfg = Debug|Win32
		{7775768C-E714-4B3C-B857-888914EBB719}.Debug|x86.Build.0 = Debug|Win32
		{7775768C-E714-4B3C-B857-888914EBB719}.Release|Any CPU.ActiveCfg = Release|Win32
		{7775768C-E714-4B3C-B857-888914EBB719}.Release|x64.ActiveCfg = Release|x64
		{7775768C-E714-4B3C-B857-888914EBB719}.Release|x64.Build.0 = Release|x64
		{7775768C-E714-4B3C-B857-888914EBB719}.Release|x86.ActiveCfg = Release|Win32
		{7775768C-E714-4B3C-B857-888914EBB719}.Release|x86.Build.0 = Release|Win32
		{BE9FD8F2-4AA7-4E75-BC15-E8088BEE20DA}.Debug|Any CPU.ActiveCfg = Debug|Win32
		{BE9FD8F2-4AA7-4E75-BC15-E8088BEE20DA}.Debug|x64.ActiveCfg = Debug|x64
		{BE9FD8F2-4AA7-4E75-BC15-E8088BEE20DA}.Debug|x64.Build.0 = Debug|x64
		{BE9FD8F2-4AA7-4E75-BC15-E8088BEE20DA}.Debug|x86.ActiveCfg = Debug|Win32
		{BE9FD8F2-4AA7-4E75-BC15-E8088BEE20DA}.Debug|x86.Build.0 = Debug|Win32
		{BE9FD8F2-4AA7-4E75-BC15-E8088BEE20DA}.Release|Any CPU.ActiveCfg = Release|Win32
		{BE9FD8F2-4AA7-4E75-BC15-E8088BEE20DA}.Release|x64.ActiveCfg = Release|x64
		{BE9FD8F2-4AA7-4E75-BC15-E8088BEE20DA}.Release|x64.Build.0 = Release|x64
		{BE9FD8F2-4AA7-4E75-BC15-E8088BEE20DA}.Release|x86.ActiveCfg = Release|Win32
		{BE9FD8F2-4AA7-4E75-BC15-E8088BEE20DA}.Release|x86.Build.0 = Release|Win32
	EndGlobalSection
	GlobalSection(SolutionProperties) = preSolution
		HideSolutionNode = FALSE
	EndGlobalSection
	GlobalSection(ExtensibilityGlobals) = postSolution
		SolutionGuid = {6750DE32-B7C2-41E5-88C7-7EAAF259BB5F}
	EndGlobalSection
EndGlobal
